// !$*UTF8*$!
{
	archiveVersion = 1;
	classes = {
	};
	objectVersion = 46;
	objects = {

/* Begin PBXBuildFile section */
		3A612CB71F10C82E00871479 /* FMALocalNotificationsScheduler.swift in Sources */ = {isa = PBXBuildFile; fileRef = 3A612CB61F10C82E00871479 /* FMALocalNotificationsScheduler.swift */; };
		3A612CB91F10CD5A00871479 /* FMAReminder.swift in Sources */ = {isa = PBXBuildFile; fileRef = 3A612CB81F10CD5A00871479 /* FMAReminder.swift */; };
		3A612CBE1F10D6EB00871479 /* FMAReminderController.swift in Sources */ = {isa = PBXBuildFile; fileRef = 3A612CBC1F10D6EB00871479 /* FMAReminderController.swift */; };
		3A612CC11F10F60B00871479 /* DatePickerCell.swift in Sources */ = {isa = PBXBuildFile; fileRef = 3A612CC01F10F60B00871479 /* DatePickerCell.swift */; };
		3A612CC31F10FB2A00871479 /* FMAChoicePickerController.swift in Sources */ = {isa = PBXBuildFile; fileRef = 3A612CC21F10FB2A00871479 /* FMAChoicePickerController.swift */; };
		43793EF71F0EA219003E79CD /* FMAAboutViewController.swift in Sources */ = {isa = PBXBuildFile; fileRef = 43793EEB1F0EA219003E79CD /* FMAAboutViewController.swift */; };
		43793EF81F0EA219003E79CD /* FMAFindViewController.swift in Sources */ = {isa = PBXBuildFile; fileRef = 43793EED1F0EA219003E79CD /* FMAFindViewController.swift */; };
		43793EF91F0EA219003E79CD /* FMARemindersViewController.swift in Sources */ = {isa = PBXBuildFile; fileRef = 43793EEF1F0EA219003E79CD /* FMARemindersViewController.swift */; };
		43793EFA1F0EA219003E79CD /* FMASubscriptionsViewController.swift in Sources */ = {isa = PBXBuildFile; fileRef = 43793EF11F0EA219003E79CD /* FMASubscriptionsViewController.swift */; };
		43793EFB1F0EA219003E79CD /* FMATrackersViewController.swift in Sources */ = {isa = PBXBuildFile; fileRef = 43793EF31F0EA219003E79CD /* FMATrackersViewController.swift */; };
		43793EFC1F0EA219003E79CD /* MKMapView+Additions.swift in Sources */ = {isa = PBXBuildFile; fileRef = 43793EF51F0EA219003E79CD /* MKMapView+Additions.swift */; };
		43793EFD1F0EA219003E79CD /* UIBarButtonItem+Additions.swift in Sources */ = {isa = PBXBuildFile; fileRef = 43793EF61F0EA219003E79CD /* UIBarButtonItem+Additions.swift */; };
		43793EFF1F0EAACC003E79CD /* Menu.xcassets in Resources */ = {isa = PBXBuildFile; fileRef = 43793EFE1F0EAACC003E79CD /* Menu.xcassets */; };
		4397B68F1F0F89EE00ABDB3E /* FMATrackersManager.swift in Sources */ = {isa = PBXBuildFile; fileRef = 4397B68E1F0F89EE00ABDB3E /* FMATrackersManager.swift */; };
		43A4DD3F1F112453004D5A25 /* FMATrackerTableViewCell.swift in Sources */ = {isa = PBXBuildFile; fileRef = 43A4DD3D1F112453004D5A25 /* FMATrackerTableViewCell.swift */; };
		43A4DD401F112453004D5A25 /* FMATrackerTableViewCell.xib in Resources */ = {isa = PBXBuildFile; fileRef = 43A4DD3E1F112453004D5A25 /* FMATrackerTableViewCell.xib */; };
		43A4DD431F112A31004D5A25 /* FMASubscriptionTableViewCell.swift in Sources */ = {isa = PBXBuildFile; fileRef = 43A4DD411F112A31004D5A25 /* FMASubscriptionTableViewCell.swift */; };
		43A4DD441F112A31004D5A25 /* FMASubscriptionTableViewCell.xib in Resources */ = {isa = PBXBuildFile; fileRef = 43A4DD421F112A31004D5A25 /* FMASubscriptionTableViewCell.xib */; };
		43E54D2E1ED2F539008DB63C /* FMAApplicationDelegate.swift in Sources */ = {isa = PBXBuildFile; fileRef = 43E54D2D1ED2F539008DB63C /* FMAApplicationDelegate.swift */; };
		43E54D331ED2F539008DB63C /* Main.storyboard in Resources */ = {isa = PBXBuildFile; fileRef = 43E54D311ED2F539008DB63C /* Main.storyboard */; };
		43E54D351ED2F539008DB63C /* Assets.xcassets in Resources */ = {isa = PBXBuildFile; fileRef = 43E54D341ED2F539008DB63C /* Assets.xcassets */; };
		43E54D381ED2F539008DB63C /* LaunchScreen.storyboard in Resources */ = {isa = PBXBuildFile; fileRef = 43E54D361ED2F539008DB63C /* LaunchScreen.storyboard */; };
		43E54D411ED2F5BB008DB63C /* MapKit.framework in Frameworks */ = {isa = PBXBuildFile; fileRef = 43E54D401ED2F5BB008DB63C /* MapKit.framework */; };
/* End PBXBuildFile section */

/* Begin PBXFileReference section */
		3A612CB61F10C82E00871479 /* FMALocalNotificationsScheduler.swift */ = {isa = PBXFileReference; fileEncoding = 4; lastKnownFileType = sourcecode.swift; path = FMALocalNotificationsScheduler.swift; sourceTree = "<group>"; };
		3A612CB81F10CD5A00871479 /* FMAReminder.swift */ = {isa = PBXFileReference; fileEncoding = 4; lastKnownFileType = sourcecode.swift; path = FMAReminder.swift; sourceTree = "<group>"; };
		3A612CBC1F10D6EB00871479 /* FMAReminderController.swift */ = {isa = PBXFileReference; fileEncoding = 4; lastKnownFileType = sourcecode.swift; path = FMAReminderController.swift; sourceTree = "<group>"; };
		3A612CC01F10F60B00871479 /* DatePickerCell.swift */ = {isa = PBXFileReference; fileEncoding = 4; lastKnownFileType = sourcecode.swift; path = DatePickerCell.swift; sourceTree = "<group>"; };
		3A612CC21F10FB2A00871479 /* FMAChoicePickerController.swift */ = {isa = PBXFileReference; fileEncoding = 4; lastKnownFileType = sourcecode.swift; path = FMAChoicePickerController.swift; sourceTree = "<group>"; };
		43793EEB1F0EA219003E79CD /* FMAAboutViewController.swift */ = {isa = PBXFileReference; fileEncoding = 4; lastKnownFileType = sourcecode.swift; path = FMAAboutViewController.swift; sourceTree = "<group>"; };
		43793EED1F0EA219003E79CD /* FMAFindViewController.swift */ = {isa = PBXFileReference; fileEncoding = 4; lastKnownFileType = sourcecode.swift; path = FMAFindViewController.swift; sourceTree = "<group>"; };
		43793EEF1F0EA219003E79CD /* FMARemindersViewController.swift */ = {isa = PBXFileReference; fileEncoding = 4; lastKnownFileType = sourcecode.swift; path = FMARemindersViewController.swift; sourceTree = "<group>"; };
		43793EF11F0EA219003E79CD /* FMASubscriptionsViewController.swift */ = {isa = PBXFileReference; fileEncoding = 4; lastKnownFileType = sourcecode.swift; path = FMASubscriptionsViewController.swift; sourceTree = "<group>"; };
		43793EF31F0EA219003E79CD /* FMATrackersViewController.swift */ = {isa = PBXFileReference; fileEncoding = 4; lastKnownFileType = sourcecode.swift; path = FMATrackersViewController.swift; sourceTree = "<group>"; };
		43793EF51F0EA219003E79CD /* MKMapView+Additions.swift */ = {isa = PBXFileReference; fileEncoding = 4; lastKnownFileType = sourcecode.swift; path = "MKMapView+Additions.swift"; sourceTree = "<group>"; };
		43793EF61F0EA219003E79CD /* UIBarButtonItem+Additions.swift */ = {isa = PBXFileReference; fileEncoding = 4; lastKnownFileType = sourcecode.swift; path = "UIBarButtonItem+Additions.swift"; sourceTree = "<group>"; };
		43793EFE1F0EAACC003E79CD /* Menu.xcassets */ = {isa = PBXFileReference; lastKnownFileType = folder.assetcatalog; path = Menu.xcassets; sourceTree = "<group>"; };
		4397B68E1F0F89EE00ABDB3E /* FMATrackersManager.swift */ = {isa = PBXFileReference; fileEncoding = 4; lastKnownFileType = sourcecode.swift; path = FMATrackersManager.swift; sourceTree = "<group>"; };
		43A4DD3D1F112453004D5A25 /* FMATrackerTableViewCell.swift */ = {isa = PBXFileReference; fileEncoding = 4; lastKnownFileType = sourcecode.swift; path = FMATrackerTableViewCell.swift; sourceTree = "<group>"; };
		43A4DD3E1F112453004D5A25 /* FMATrackerTableViewCell.xib */ = {isa = PBXFileReference; fileEncoding = 4; lastKnownFileType = file.xib; path = FMATrackerTableViewCell.xib; sourceTree = "<group>"; };
		43A4DD411F112A31004D5A25 /* FMASubscriptionTableViewCell.swift */ = {isa = PBXFileReference; fileEncoding = 4; lastKnownFileType = sourcecode.swift; path = FMASubscriptionTableViewCell.swift; sourceTree = "<group>"; };
		43A4DD421F112A31004D5A25 /* FMASubscriptionTableViewCell.xib */ = {isa = PBXFileReference; fileEncoding = 4; lastKnownFileType = file.xib; path = FMASubscriptionTableViewCell.xib; sourceTree = "<group>"; };
		43E54D2A1ED2F539008DB63C /* Find Me Anywhere.app */ = {isa = PBXFileReference; explicitFileType = wrapper.application; includeInIndex = 0; name = "Find Me Anywhere.app"; path = FMA.app; sourceTree = BUILT_PRODUCTS_DIR; };
		43E54D2D1ED2F539008DB63C /* FMAApplicationDelegate.swift */ = {isa = PBXFileReference; lastKnownFileType = sourcecode.swift; path = FMAApplicationDelegate.swift; sourceTree = "<group>"; };
		43E54D321ED2F539008DB63C /* Base */ = {isa = PBXFileReference; lastKnownFileType = file.storyboard; name = Base; path = Base.lproj/Main.storyboard; sourceTree = "<group>"; };
		43E54D341ED2F539008DB63C /* Assets.xcassets */ = {isa = PBXFileReference; lastKnownFileType = folder.assetcatalog; path = Assets.xcassets; sourceTree = "<group>"; };
		43E54D371ED2F539008DB63C /* Base */ = {isa = PBXFileReference; lastKnownFileType = file.storyboard; name = Base; path = Base.lproj/LaunchScreen.storyboard; sourceTree = "<group>"; };
		43E54D391ED2F539008DB63C /* Info.plist */ = {isa = PBXFileReference; lastKnownFileType = text.plist.xml; path = Info.plist; sourceTree = "<group>"; };
		43E54D401ED2F5BB008DB63C /* MapKit.framework */ = {isa = PBXFileReference; lastKnownFileType = wrapper.framework; name = MapKit.framework; path = System/Library/Frameworks/MapKit.framework; sourceTree = SDKROOT; };
/* End PBXFileReference section */

/* Begin PBXFrameworksBuildPhase section */
		43E54D271ED2F539008DB63C /* Frameworks */ = {
			isa = PBXFrameworksBuildPhase;
			buildActionMask = 2147483647;
			files = (
				43E54D411ED2F5BB008DB63C /* MapKit.framework in Frameworks */,
			);
			runOnlyForDeploymentPostprocessing = 0;
		};
/* End PBXFrameworksBuildPhase section */

/* Begin PBXGroup section */
		43793EEA1F0EA219003E79CD /* About */ = {
			isa = PBXGroup;
			children = (
				43793EEB1F0EA219003E79CD /* FMAAboutViewController.swift */,
			);
			path = About;
			sourceTree = "<group>";
		};
		43793EEC1F0EA219003E79CD /* Find */ = {
			isa = PBXGroup;
			children = (
				43793EED1F0EA219003E79CD /* FMAFindViewController.swift */,
			);
			path = Find;
			sourceTree = "<group>";
		};
		43793EEE1F0EA219003E79CD /* Reminders */ = {
			isa = PBXGroup;
			children = (
				43793EEF1F0EA219003E79CD /* FMARemindersViewController.swift */,
				3A612CB61F10C82E00871479 /* FMALocalNotificationsScheduler.swift */,
				3A612CB81F10CD5A00871479 /* FMAReminder.swift */,
				3A612CBC1F10D6EB00871479 /* FMAReminderController.swift */,
				3A612CC01F10F60B00871479 /* DatePickerCell.swift */,
				3A612CC21F10FB2A00871479 /* FMAChoicePickerController.swift */,
			);
			path = Reminders;
			sourceTree = "<group>";
		};
		43793EF01F0EA219003E79CD /* Subscriptions */ = {
			isa = PBXGroup;
			children = (
				43793EF11F0EA219003E79CD /* FMASubscriptionsViewController.swift */,
				43A4DD411F112A31004D5A25 /* FMASubscriptionTableViewCell.swift */,
				43A4DD421F112A31004D5A25 /* FMASubscriptionTableViewCell.xib */,
			);
			path = Subscriptions;
			sourceTree = "<group>";
		};
		43793EF21F0EA219003E79CD /* Trackers */ = {
			isa = PBXGroup;
			children = (
				43793EF31F0EA219003E79CD /* FMATrackersViewController.swift */,
				4397B68E1F0F89EE00ABDB3E /* FMATrackersManager.swift */,
				43A4DD3D1F112453004D5A25 /* FMATrackerTableViewCell.swift */,
				43A4DD3E1F112453004D5A25 /* FMATrackerTableViewCell.xib */,
			);
			path = Trackers;
			sourceTree = "<group>";
		};
		43793EF41F0EA219003E79CD /* Utils */ = {
			isa = PBXGroup;
			children = (
				43793EF51F0EA219003E79CD /* MKMapView+Additions.swift */,
				43793EF61F0EA219003E79CD /* UIBarButtonItem+Additions.swift */,
			);
			path = Utils;
			sourceTree = "<group>";
		};
		43E54D211ED2F539008DB63C = {
			isa = PBXGroup;
			children = (
				43E54D2C1ED2F539008DB63C /* Find Me Anywhere */,
				43E54D2B1ED2F539008DB63C /* Products */,
				43E54D3F1ED2F5BB008DB63C /* Frameworks */,
			);
			sourceTree = "<group>";
		};
		43E54D2B1ED2F539008DB63C /* Products */ = {
			isa = PBXGroup;
			children = (
				43E54D2A1ED2F539008DB63C /* Find Me Anywhere.app */,
			);
			name = Products;
			sourceTree = "<group>";
		};
		43E54D2C1ED2F539008DB63C /* Find Me Anywhere */ = {
			isa = PBXGroup;
			children = (
				43793EEC1F0EA219003E79CD /* Find */,
				43793EEE1F0EA219003E79CD /* Reminders */,
				43793EF21F0EA219003E79CD /* Trackers */,
				43793EF01F0EA219003E79CD /* Subscriptions */,
				43793EEA1F0EA219003E79CD /* About */,
				43793EF41F0EA219003E79CD /* Utils */,
				43E54D2D1ED2F539008DB63C /* FMAApplicationDelegate.swift */,
				43E54D311ED2F539008DB63C /* Main.storyboard */,
				43E54D341ED2F539008DB63C /* Assets.xcassets */,
				43793EFE1F0EAACC003E79CD /* Menu.xcassets */,
				43E54D361ED2F539008DB63C /* LaunchScreen.storyboard */,
				43E54D391ED2F539008DB63C /* Info.plist */,
			);
			path = "Find Me Anywhere";
			sourceTree = "<group>";
		};
		43E54D3F1ED2F5BB008DB63C /* Frameworks */ = {
			isa = PBXGroup;
			children = (
				43E54D401ED2F5BB008DB63C /* MapKit.framework */,
			);
			name = Frameworks;
			sourceTree = "<group>";
		};
/* End PBXGroup section */

/* Begin PBXNativeTarget section */
		43E54D291ED2F539008DB63C /* FMA */ = {
			isa = PBXNativeTarget;
			buildConfigurationList = 43E54D3C1ED2F539008DB63C /* Build configuration list for PBXNativeTarget "FMA" */;
			buildPhases = (
				43E54D261ED2F539008DB63C /* Sources */,
				43E54D271ED2F539008DB63C /* Frameworks */,
				43E54D281ED2F539008DB63C /* Resources */,
			);
			buildRules = (
			);
			dependencies = (
			);
			name = FMA;
			productName = "Find Me Anywhere";
			productReference = 43E54D2A1ED2F539008DB63C /* Find Me Anywhere.app */;
			productType = "com.apple.product-type.application";
		};
/* End PBXNativeTarget section */

/* Begin PBXProject section */
		43E54D221ED2F539008DB63C /* Project object */ = {
			isa = PBXProject;
			attributes = {
				LastSwiftUpdateCheck = 0830;
				LastUpgradeCheck = 0830;
				ORGANIZATIONNAME = "Find Me Anywhere";
				TargetAttributes = {
					43E54D291ED2F539008DB63C = {
						CreatedOnToolsVersion = 8.3.2;
						DevelopmentTeam = 8K6A645QSZ;
						ProvisioningStyle = Automatic;
					};
				};
			};
			buildConfigurationList = 43E54D251ED2F539008DB63C /* Build configuration list for PBXProject "Find Me Anywhere" */;
			compatibilityVersion = "Xcode 3.2";
			developmentRegion = English;
			hasScannedForEncodings = 0;
			knownRegions = (
				en,
				Base,
			);
			mainGroup = 43E54D211ED2F539008DB63C;
			productRefGroup = 43E54D2B1ED2F539008DB63C /* Products */;
			projectDirPath = "";
			projectRoot = "";
			targets = (
				43E54D291ED2F539008DB63C /* FMA */,
			);
		};
/* End PBXProject section */

/* Begin PBXResourcesBuildPhase section */
		43E54D281ED2F539008DB63C /* Resources */ = {
			isa = PBXResourcesBuildPhase;
			buildActionMask = 2147483647;
			files = (
				43A4DD441F112A31004D5A25 /* FMASubscriptionTableViewCell.xib in Resources */,
				43E54D381ED2F539008DB63C /* LaunchScreen.storyboard in Resources */,
				43E54D351ED2F539008DB63C /* Assets.xcassets in Resources */,
				43A4DD401F112453004D5A25 /* FMATrackerTableViewCell.xib in Resources */,
				43793EFF1F0EAACC003E79CD /* Menu.xcassets in Resources */,
				43E54D331ED2F539008DB63C /* Main.storyboard in Resources */,
			);
			runOnlyForDeploymentPostprocessing = 0;
		};
/* End PBXResourcesBuildPhase section */

/* Begin PBXSourcesBuildPhase section */
		43E54D261ED2F539008DB63C /* Sources */ = {
			isa = PBXSourcesBuildPhase;
			buildActionMask = 2147483647;
			files = (
				3A612CBE1F10D6EB00871479 /* FMAReminderController.swift in Sources */,
				3A612CC31F10FB2A00871479 /* FMAChoicePickerController.swift in Sources */,
				43793EF81F0EA219003E79CD /* FMAFindViewController.swift in Sources */,
				43E54D2E1ED2F539008DB63C /* FMAApplicationDelegate.swift in Sources */,
				4397B68F1F0F89EE00ABDB3E /* FMATrackersManager.swift in Sources */,
				43793EFD1F0EA219003E79CD /* UIBarButtonItem+Additions.swift in Sources */,
				43793EFB1F0EA219003E79CD /* FMATrackersViewController.swift in Sources */,
				3A612CC11F10F60B00871479 /* DatePickerCell.swift in Sources */,
				3A612CB91F10CD5A00871479 /* FMAReminder.swift in Sources */,
				43793EF91F0EA219003E79CD /* FMARemindersViewController.swift in Sources */,
				43793EFC1F0EA219003E79CD /* MKMapView+Additions.swift in Sources */,
				43793EF71F0EA219003E79CD /* FMAAboutViewController.swift in Sources */,
				43793EFA1F0EA219003E79CD /* FMASubscriptionsViewController.swift in Sources */,
				43A4DD431F112A31004D5A25 /* FMASubscriptionTableViewCell.swift in Sources */,
				43A4DD3F1F112453004D5A25 /* FMATrackerTableViewCell.swift in Sources */,
				3A612CB71F10C82E00871479 /* FMALocalNotificationsScheduler.swift in Sources */,
			);
			runOnlyForDeploymentPostprocessing = 0;
		};
/* End PBXSourcesBuildPhase section */

/* Begin PBXVariantGroup section */
		43E54D311ED2F539008DB63C /* Main.storyboard */ = {
			isa = PBXVariantGroup;
			children = (
				43E54D321ED2F539008DB63C /* Base */,
			);
			name = Main.storyboard;
			sourceTree = "<group>";
		};
		43E54D361ED2F539008DB63C /* LaunchScreen.storyboard */ = {
			isa = PBXVariantGroup;
			children = (
				43E54D371ED2F539008DB63C /* Base */,
			);
			name = LaunchScreen.storyboard;
			sourceTree = "<group>";
		};
/* End PBXVariantGroup section */

/* Begin XCBuildConfiguration section */
		43E54D3A1ED2F539008DB63C /* Debug */ = {
			isa = XCBuildConfiguration;
			buildSettings = {
				ALWAYS_SEARCH_USER_PATHS = NO;
				CLANG_ANALYZER_NONNULL = YES;
				CLANG_ANALYZER_NUMBER_OBJECT_CONVERSION = YES_AGGRESSIVE;
				CLANG_CXX_LANGUAGE_STANDARD = "gnu++0x";
				CLANG_CXX_LIBRARY = "libc++";
				CLANG_ENABLE_MODULES = YES;
				CLANG_ENABLE_OBJC_ARC = YES;
				CLANG_WARN_BOOL_CONVERSION = YES;
				CLANG_WARN_CONSTANT_CONVERSION = YES;
				CLANG_WARN_DIRECT_OBJC_ISA_USAGE = YES_ERROR;
				CLANG_WARN_DOCUMENTATION_COMMENTS = YES;
				CLANG_WARN_EMPTY_BODY = YES;
				CLANG_WARN_ENUM_CONVERSION = YES;
				CLANG_WARN_INFINITE_RECURSION = YES;
				CLANG_WARN_INT_CONVERSION = YES;
				CLANG_WARN_OBJC_ROOT_CLASS = YES_ERROR;
				CLANG_WARN_SUSPICIOUS_MOVE = YES;
				CLANG_WARN_UNREACHABLE_CODE = YES;
				CLANG_WARN__DUPLICATE_METHOD_MATCH = YES;
				"CODE_SIGN_IDENTITY[sdk=iphoneos*]" = "iPhone Developer";
				COPY_PHASE_STRIP = NO;
				DEBUG_INFORMATION_FORMAT = dwarf;
				DEVELOPMENT_TEAM = 8K6A645QSZ;
				ENABLE_STRICT_OBJC_MSGSEND = YES;
				ENABLE_TESTABILITY = YES;
				GCC_C_LANGUAGE_STANDARD = gnu99;
				GCC_DYNAMIC_NO_PIC = NO;
				GCC_NO_COMMON_BLOCKS = YES;
				GCC_OPTIMIZATION_LEVEL = 0;
				GCC_PREPROCESSOR_DEFINITIONS = (
					"DEBUG=1",
					"$(inherited)",
				);
				GCC_WARN_64_TO_32_BIT_CONVERSION = YES;
				GCC_WARN_ABOUT_RETURN_TYPE = YES_ERROR;
				GCC_WARN_UNDECLARED_SELECTOR = YES;
				GCC_WARN_UNINITIALIZED_AUTOS = YES_AGGRESSIVE;
				GCC_WARN_UNUSED_FUNCTION = YES;
				GCC_WARN_UNUSED_VARIABLE = YES;
				IPHONEOS_DEPLOYMENT_TARGET = 9.0;
				MTL_ENABLE_DEBUG_INFO = YES;
				ONLY_ACTIVE_ARCH = YES;
				SDKROOT = iphoneos;
				SWIFT_ACTIVE_COMPILATION_CONDITIONS = DEBUG;
				SWIFT_OPTIMIZATION_LEVEL = "-Onone";
				TARGETED_DEVICE_FAMILY = "1,2";
			};
			name = Debug;
		};
		43E54D3B1ED2F539008DB63C /* Release */ = {
			isa = XCBuildConfiguration;
			buildSettings = {
				ALWAYS_SEARCH_USER_PATHS = NO;
				CLANG_ANALYZER_NONNULL = YES;
				CLANG_ANALYZER_NUMBER_OBJECT_CONVERSION = YES_AGGRESSIVE;
				CLANG_CXX_LANGUAGE_STANDARD = "gnu++0x";
				CLANG_CXX_LIBRARY = "libc++";
				CLANG_ENABLE_MODULES = YES;
				CLANG_ENABLE_OBJC_ARC = YES;
				CLANG_WARN_BOOL_CONVERSION = YES;
				CLANG_WARN_CONSTANT_CONVERSION = YES;
				CLANG_WARN_DIRECT_OBJC_ISA_USAGE = YES_ERROR;
				CLANG_WARN_DOCUMENTATION_COMMENTS = YES;
				CLANG_WARN_EMPTY_BODY = YES;
				CLANG_WARN_ENUM_CONVERSION = YES;
				CLANG_WARN_INFINITE_RECURSION = YES;
				CLANG_WARN_INT_CONVERSION = YES;
				CLANG_WARN_OBJC_ROOT_CLASS = YES_ERROR;
				CLANG_WARN_SUSPICIOUS_MOVE = YES;
				CLANG_WARN_UNREACHABLE_CODE = YES;
				CLANG_WARN__DUPLICATE_METHOD_MATCH = YES;
				"CODE_SIGN_IDENTITY[sdk=iphoneos*]" = "iPhone Developer";
				COPY_PHASE_STRIP = NO;
				DEBUG_INFORMATION_FORMAT = "dwarf-with-dsym";
				DEVELOPMENT_TEAM = 8K6A645QSZ;
				ENABLE_NS_ASSERTIONS = NO;
				ENABLE_STRICT_OBJC_MSGSEND = YES;
				GCC_C_LANGUAGE_STANDARD = gnu99;
				GCC_NO_COMMON_BLOCKS = YES;
				GCC_WARN_64_TO_32_BIT_CONVERSION = YES;
				GCC_WARN_ABOUT_RETURN_TYPE = YES_ERROR;
				GCC_WARN_UNDECLARED_SELECTOR = YES;
				GCC_WARN_UNINITIALIZED_AUTOS = YES_AGGRESSIVE;
				GCC_WARN_UNUSED_FUNCTION = YES;
				GCC_WARN_UNUSED_VARIABLE = YES;
				IPHONEOS_DEPLOYMENT_TARGET = 9.0;
				MTL_ENABLE_DEBUG_INFO = NO;
				SDKROOT = iphoneos;
				SWIFT_OPTIMIZATION_LEVEL = "-Owholemodule";
				TARGETED_DEVICE_FAMILY = "1,2";
				VALIDATE_PRODUCT = YES;
			};
			name = Release;
		};
		43E54D3D1ED2F539008DB63C /* Debug */ = {
			isa = XCBuildConfiguration;
			buildSettings = {
				ASSETCATALOG_COMPILER_APPICON_NAME = AppIcon;
				INFOPLIST_FILE = "Find Me Anywhere/Info.plist";
				LD_RUNPATH_SEARCH_PATHS = "$(inherited) @executable_path/Frameworks";
				PRODUCT_BUNDLE_IDENTIFIER = "com.findmeanywhere.Find-Me-Anywhere";
				PRODUCT_NAME = "$(TARGET_NAME)";
				SWIFT_VERSION = 3.0;
			};
			name = Debug;
		};
		43E54D3E1ED2F539008DB63C /* Release */ = {
			isa = XCBuildConfiguration;
			buildSettings = {
				ASSETCATALOG_COMPILER_APPICON_NAME = AppIcon;
				INFOPLIST_FILE = "Find Me Anywhere/Info.plist";
				LD_RUNPATH_SEARCH_PATHS = "$(inherited) @executable_path/Frameworks";
				PRODUCT_BUNDLE_IDENTIFIER = "com.findmeanywhere.Find-Me-Anywhere";
				PRODUCT_NAME = "$(TARGET_NAME)";
				SWIFT_VERSION = 3.0;
			};
			name = Release;
		};
/* End XCBuildConfiguration section */

/* Begin XCConfigurationList section */
		43E54D251ED2F539008DB63C /* Build configuration list for PBXProject "Find Me Anywhere" */ = {
			isa = XCConfigurationList;
			buildConfigurations = (
				43E54D3A1ED2F539008DB63C /* Debug */,
				43E54D3B1ED2F539008DB63C /* Release */,
			);
			defaultConfigurationIsVisible = 0;
			defaultConfigurationName = Release;
		};
		43E54D3C1ED2F539008DB63C /* Build configuration list for PBXNativeTarget "FMA" */ = {
			isa = XCConfigurationList;
			buildConfigurations = (
				43E54D3D1ED2F539008DB63C /* Debug */,
				43E54D3E1ED2F539008DB63C /* Release */,
			);
			defaultConfigurationIsVisible = 0;
			defaultConfigurationName = Release;
		};
/* End XCConfigurationList section */
	};
	rootObject = 43E54D221ED2F539008DB63C /* Project object */;
}
